{
    "name": "lingua",
    "version": "1.0.0",
    "lockfileVersion": 1,
    "requires": true,
    "dependencies": {
        "alpinejs": {
            "version": "2.5.0",
            "resolved": "https://registry.npmjs.org/alpinejs/-/alpinejs-2.5.0.tgz",
            "integrity": "sha512-jGm3Q++iZyr9ORj6ztdraqk1mdS8C+nKyFzQcAoYJUcsY+F1vvIELHtvj6j2UU9r/DIgQXN4tQEvqwr6kXaqJw=="
        },
        "intro.js": {
            "version": "2.9.3",
            "resolved": "https://registry.npmjs.org/intro.js/-/intro.js-2.9.3.tgz",
            "integrity": "sha512-hC+EXWnEuJeA3CveGMat3XHePd2iaXNFJIVfvJh2E9IzBMGLTlhWvPIVHAgKlOpO4lNayCxEqzr4N02VmHFr9Q=="
        }
    }
}
